<Solution>
  <Folder Name="/src/">
    <Project Path="src/Tuinet/Tuinet.csproj" />
  </Folder>
  <Folder Name="/samples/">
    <Project Path="samples/Tuinet.Samples.Inline/Tuinet.Samples.Inline.csproj" />
    <Project Path="samples/Tuinet.Samples.Showcase/Tuinet.Samples.Showcase.csproj" />
    <Project Path="samples/Tuinet.Samples.Stress/Tuinet.Samples.Stress.csproj" />
  </Folder>
  <Folder Name="/bench/">
    <Project Path="bench/Tuinet.Benchmarks/Tuinet.Benchmarks.csproj" />
  </Folder>
  <Folder Name="/tests/">
    <Project Path="tests/Tuinet.Tests/Tuinet.Tests.csproj" />
    <Project Path="tests/Tuinet.Samples.Showcase.Tests/Tuinet.Samples.Showcase.Tests.csproj" />
  </Folder>
</Solution>
